
Microsoft Visual Studio Solution File, Format Version 12.00
# Visual Studio 15
VisualStudioVersion = 15.0.28307.271
MinimumVisualStudioVersion = 10.0.40219.1
Project("{9A19103F-16F7-4668-BE54-9A1E7A4F7556}") = "Antonio.TechTest.Api", "Antonio.TechTest.Api\Antonio.TechTest.Api.csproj", "{52E59D98-791A-4076-8DAF-20D72DA0BA10}"
EndProject
Project("{2150E333-8FDC-42A3-9474-1A3956D46DE8}") = "Tests", "Tests", "{E379B3A4-7704-49C5-94C0-B9F79EC693DA}"
EndProject
Project("{9A19103F-16F7-4668-BE54-9A1E7A4F7556}") = "Antonio.TechTest.UnitTests", "Antonio.TechTest.UnitTests\Antonio.TechTest.UnitTests.csproj", "{6229A4CA-141B-401D-A8F4-AF3B6D84A3E5}"
EndProject
Project("{9A19103F-16F7-4668-BE54-9A1E7A4F7556}") = "Antonio.TechTest.DataAccess", "Antonio.TechTest.DataAccess\Antonio.TechTest.DataAccess.csproj", "{CB6D89EC-6438-46A0-9366-DE110403E65B}"
EndProject
Project("{9A19103F-16F7-4668-BE54-9A1E7A4F7556}") = "Antonio.TechTest.Core", "Antonio.TechTest.Core\Antonio.TechTest.Core.csproj", "{71A8B016-CDF0-455E-8370-39F06D26F696}"
EndProject
Project("{9A19103F-16F7-4668-BE54-9A1E7A4F7556}") = "Antonio.TechTest.Application", "Antonio.TechTest.Application\Antonio.TechTest.Application.csproj", "{F9E401C2-6392-4AC1-B976-1CEEC6D19D32}"
EndProject
Project("{FAE04EC0-301F-11D3-BF4B-00C04F79EFBC}") = "Antonio.TechTest.AcceptanceTests", "Antonio.TechTest.AcceptanceTests\Antonio.TechTest.AcceptanceTests.csproj", "{CAF6692E-547B-4F02-8F2F-BC506D685A4F}"
EndProject
Global
	GlobalSection(SolutionConfigurationPlatforms) = preSolution
		Debug|Any CPU = Debug|Any CPU
		Release|Any CPU = Release|Any CPU
	EndGlobalSection
	GlobalSection(ProjectConfigurationPlatforms) = postSolution
		{52E59D98-791A-4076-8DAF-20D72DA0BA10}.Debug|Any CPU.ActiveCfg = Debug|Any CPU
		{52E59D98-791A-4076-8DAF-20D72DA0BA10}.Debug|Any CPU.Build.0 = Debug|Any CPU
		{52E59D98-791A-4076-8DAF-20D72DA0BA10}.Release|Any CPU.ActiveCfg = Release|Any CPU
		{52E59D98-791A-4076-8DAF-20D72DA0BA10}.Release|Any CPU.Build.0 = Release|Any CPU
		{6229A4CA-141B-401D-A8F4-AF3B6D84A3E5}.Debug|Any CPU.ActiveCfg = Debug|Any CPU
		{6229A4CA-141B-401D-A8F4-AF3B6D84A3E5}.Debug|Any CPU.Build.0 = Debug|Any CPU
		{6229A4CA-141B-401D-A8F4-AF3B6D84A3E5}.Release|Any CPU.ActiveCfg = Release|Any CPU
		{6229A4CA-141B-401D-A8F4-AF3B6D84A3E5}.Release|Any CPU.Build.0 = Release|Any CPU
		{CB6D89EC-6438-46A0-9366-DE110403E65B}.Debug|Any CPU.ActiveCfg = Debug|Any CPU
		{CB6D89EC-6438-46A0-9366-DE110403E65B}.Debug|Any CPU.Build.0 = Debug|Any CPU
		{CB6D89EC-6438-46A0-9366-DE110403E65B}.Release|Any CPU.ActiveCfg = Release|Any CPU
		{CB6D89EC-6438-46A0-9366-DE110403E65B}.Release|Any CPU.Build.0 = Release|Any CPU
		{71A8B016-CDF0-455E-8370-39F06D26F696}.Debug|Any CPU.ActiveCfg = Debug|Any CPU
		{71A8B016-CDF0-455E-8370-39F06D26F696}.Debug|Any CPU.Build.0 = Debug|Any CPU
		{71A8B016-CDF0-455E-8370-39F06D26F696}.Release|Any CPU.ActiveCfg = Release|Any CPU
		{71A8B016-CDF0-455E-8370-39F06D26F696}.Release|Any CPU.Build.0 = Release|Any CPU
		{F9E401C2-6392-4AC1-B976-1CEEC6D19D32}.Debug|Any CPU.ActiveCfg = Debug|Any CPU
		{F9E401C2-6392-4AC1-B976-1CEEC6D19D32}.Debug|Any CPU.Build.0 = Debug|Any CPU
		{F9E401C2-6392-4AC1-B976-1CEEC6D19D32}.Release|Any CPU.ActiveCfg = Release|Any CPU
		{F9E401C2-6392-4AC1-B976-1CEEC6D19D32}.Release|Any CPU.Build.0 = Release|Any CPU
		{CAF6692E-547B-4F02-8F2F-BC506D685A4F}.Debug|Any CPU.ActiveCfg = Debug|Any CPU
		{CAF6692E-547B-4F02-8F2F-BC506D685A4F}.Debug|Any CPU.Build.0 = Debug|Any CPU
		{CAF6692E-547B-4F02-8F2F-BC506D685A4F}.Release|Any CPU.ActiveCfg = Release|Any CPU
		{CAF6692E-547B-4F02-8F2F-BC506D685A4F}.Release|Any CPU.Build.0 = Release|Any CPU
	EndGlobalSection
	GlobalSection(SolutionProperties) = preSolution
		HideSolutionNode = FALSE
	EndGlobalSection
	GlobalSection(NestedProjects) = preSolution
		{6229A4CA-141B-401D-A8F4-AF3B6D84A3E5} = {E379B3A4-7704-49C5-94C0-B9F79EC693DA}
		{CAF6692E-547B-4F02-8F2F-BC506D685A4F} = {E379B3A4-7704-49C5-94C0-B9F79EC693DA}
	EndGlobalSection
	GlobalSection(ExtensibilityGlobals) = postSolution
		SolutionGuid = {71A4557F-1244-4109-BA32-A43835C70AF2}
	EndGlobalSection
EndGlobal
